
Microsoft Visual Studio Solution File, Format Version 12.00
# Visual Studio Version 16
VisualStudioVersion = 16.0.31005.135
MinimumVisualStudioVersion = 10.0.40219.1
Project("{9A19103F-16F7-4668-BE54-9A1E7A4F7556}") = "Client", "Client\Client.csproj", "{55B8B507-2EBD-4A44-827B-A673974F27E5}"
EndProject
Project("{FAE04EC0-301F-11D3-BF4B-00C04F79EFBC}") = "Logic", "Logic\Logic.csproj", "{2ED1BC95-BBB8-48D7-BF32-0FB019CEECCF}"
EndProject
Global
	GlobalSection(SolutionConfigurationPlatforms) = preSolution
		Debug|Any CPU = Debug|Any CPU
		Release|Any CPU = Release|Any CPU
	EndGlobalSection
	GlobalSection(ProjectConfigurationPlatforms) = postSolution
		{55B8B507-2EBD-4A44-827B-A673974F27E5}.Debug|Any CPU.ActiveCfg = Debug|Any CPU
		{55B8B507-2EBD-4A44-827B-A673974F27E5}.Debug|Any CPU.Build.0 = Debug|Any CPU
		{55B8B507-2EBD-4A44-827B-A673974F27E5}.Release|Any CPU.ActiveCfg = Release|Any CPU
		{55B8B507-2EBD-4A44-827B-A673974F27E5}.Release|Any CPU.Build.0 = Release|Any CPU
		{2ED1BC95-BBB8-48D7-BF32-0FB019CEECCF}.Debug|Any CPU.ActiveCfg = Debug|Any CPU
		{2ED1BC95-BBB8-48D7-BF32-0FB019CEECCF}.Debug|Any CPU.Build.0 = Debug|Any CPU
		{2ED1BC95-BBB8-48D7-BF32-0FB019CEECCF}.Release|Any CPU.ActiveCfg = Release|Any CPU
		{2ED1BC95-BBB8-48D7-BF32-0FB019CEECCF}.Release|Any CPU.Build.0 = Release|Any CPU
	EndGlobalSection
	GlobalSection(SolutionProperties) = preSolution
		HideSolutionNode = FALSE
	EndGlobalSection
	GlobalSection(ExtensibilityGlobals) = postSolution
		SolutionGuid = {B7E2F7F2-7A6C-477F-A850-984A0F1B1BA8}
	EndGlobalSection
EndGlobal
